
Microsoft Visual Studio Solution File, Format Version 12.00
# Visual Studio Version 16
VisualStudioVersion = 16.0.30011.22
MinimumVisualStudioVersion = 10.0.40219.1
Project("{9A19103F-16F7-4668-BE54-9A1E7A4F7556}") = "DigitalImageCorrelation.Desktop", "DigitalImageCorrelation.Desktop\DigitalImageCorrelation.Desktop.csproj", "{43066636-7834-4F6E-A054-D506E6F7CC8D}"
EndProject
Project("{9A19103F-16F7-4668-BE54-9A1E7A4F7556}") = "DigitalImageCorrelation.Core", "DigitalImageCorrelation.Core\DigitalImageCorrelation.Core.csproj", "{8977970E-3CEC-4283-9156-8D123C438DD5}"
EndProject
Project("{9A19103F-16F7-4668-BE54-9A1E7A4F7556}") = "DigitalImageCorrelation.Calculation", "DigitalImageCorrelation.Calculation\DigitalImageCorrelation.Calculation.csproj", "{B5305D78-ABD1-4753-9285-E42A8E4709A9}"
EndProject
Project("{9A19103F-16F7-4668-BE54-9A1E7A4F7556}") = "DigitalImageCorrelation.Benchmarks", "DigitalImageCorrelation.Benchmarks\DigitalImageCorrelation.Benchmarks.csproj", "{9757EDAA-7E5C-4DF5-B913-FDD8BBED6362}"
EndProject
Global
	GlobalSection(SolutionConfigurationPlatforms) = preSolution
		Debug|Any CPU = Debug|Any CPU
		Debug|x64 = Debug|x64
		Release|Any CPU = Release|Any CPU
		Release|x64 = Release|x64
	EndGlobalSection
	GlobalSection(ProjectConfigurationPlatforms) = postSolution
		{43066636-7834-4F6E-A054-D506E6F7CC8D}.Debug|Any CPU.ActiveCfg = Debug|Any CPU
		{43066636-7834-4F6E-A054-D506E6F7CC8D}.Debug|Any CPU.Build.0 = Debug|Any CPU
		{43066636-7834-4F6E-A054-D506E6F7CC8D}.Debug|x64.ActiveCfg = Debug|x64
		{43066636-7834-4F6E-A054-D506E6F7CC8D}.Debug|x64.Build.0 = Debug|x64
		{43066636-7834-4F6E-A054-D506E6F7CC8D}.Release|Any CPU.ActiveCfg = Release|Any CPU
		{43066636-7834-4F6E-A054-D506E6F7CC8D}.Release|Any CPU.Build.0 = Release|Any CPU
		{43066636-7834-4F6E-A054-D506E6F7CC8D}.Release|x64.ActiveCfg = Release|x64
		{43066636-7834-4F6E-A054-D506E6F7CC8D}.Release|x64.Build.0 = Release|x64
		{8977970E-3CEC-4283-9156-8D123C438DD5}.Debug|Any CPU.ActiveCfg = Debug|Any CPU
		{8977970E-3CEC-4283-9156-8D123C438DD5}.Debug|Any CPU.Build.0 = Debug|Any CPU
		{8977970E-3CEC-4283-9156-8D123C438DD5}.Debug|x64.ActiveCfg = Debug|x64
		{8977970E-3CEC-4283-9156-8D123C438DD5}.Debug|x64.Build.0 = Debug|x64
		{8977970E-3CEC-4283-9156-8D123C438DD5}.Release|Any CPU.ActiveCfg = Release|Any CPU
		{8977970E-3CEC-4283-9156-8D123C438DD5}.Release|Any CPU.Build.0 = Release|Any CPU
		{8977970E-3CEC-4283-9156-8D123C438DD5}.Release|x64.ActiveCfg = Release|x64
		{8977970E-3CEC-4283-9156-8D123C438DD5}.Release|x64.Build.0 = Release|x64
		{B5305D78-ABD1-4753-9285-E42A8E4709A9}.Debug|Any CPU.ActiveCfg = Debug|Any CPU
		{B5305D78-ABD1-4753-9285-E42A8E4709A9}.Debug|Any CPU.Build.0 = Debug|Any CPU
		{B5305D78-ABD1-4753-9285-E42A8E4709A9}.Debug|x64.ActiveCfg = Debug|x64
		{B5305D78-ABD1-4753-9285-E42A8E4709A9}.Debug|x64.Build.0 = Debug|x64
		{B5305D78-ABD1-4753-9285-E42A8E4709A9}.Release|Any CPU.ActiveCfg = Release|Any CPU
		{B5305D78-ABD1-4753-9285-E42A8E4709A9}.Release|Any CPU.Build.0 = Release|Any CPU
		{B5305D78-ABD1-4753-9285-E42A8E4709A9}.Release|x64.ActiveCfg = Release|x64
		{B5305D78-ABD1-4753-9285-E42A8E4709A9}.Release|x64.Build.0 = Release|x64
		{9757EDAA-7E5C-4DF5-B913-FDD8BBED6362}.Debug|Any CPU.ActiveCfg = Debug|Any CPU
		{9757EDAA-7E5C-4DF5-B913-FDD8BBED6362}.Debug|Any CPU.Build.0 = Debug|Any CPU
		{9757EDAA-7E5C-4DF5-B913-FDD8BBED6362}.Debug|x64.ActiveCfg = Debug|x64
		{9757EDAA-7E5C-4DF5-B913-FDD8BBED6362}.Debug|x64.Build.0 = Debug|x64
		{9757EDAA-7E5C-4DF5-B913-FDD8BBED6362}.Release|Any CPU.ActiveCfg = Release|Any CPU
		{9757EDAA-7E5C-4DF5-B913-FDD8BBED6362}.Release|Any CPU.Build.0 = Release|Any CPU
		{9757EDAA-7E5C-4DF5-B913-FDD8BBED6362}.Release|x64.ActiveCfg = Release|x64
		{9757EDAA-7E5C-4DF5-B913-FDD8BBED6362}.Release|x64.Build.0 = Release|x64
	EndGlobalSection
	GlobalSection(SolutionProperties) = preSolution
		HideSolutionNode = FALSE
	EndGlobalSection
	GlobalSection(ExtensibilityGlobals) = postSolution
		SolutionGuid = {D2FCEED7-CD8C-4BD5-9996-2CDFBD19B024}
	EndGlobalSection
EndGlobal
